
Microsoft Visual Studio Solution File, Format Version 12.00
# Visual Studio Version 16
VisualStudioVersion = 16.0.30517.126
MinimumVisualStudioVersion = 10.0.40219.1
Project("{FAE04EC0-301F-11D3-BF4B-00C04F79EFBC}") = "Однорукий бандит", "WindowsFormsApp1\Однорукий бандит.csproj", "{6883DE68-5BA6-4DC1-8C87-324CF63B7AA9}"
EndProject
Global
	GlobalSection(SolutionConfigurationPlatforms) = preSolution
		Debug|Any CPU = Debug|Any CPU
		Release|Any CPU = Release|Any CPU
	EndGlobalSection
	GlobalSection(ProjectConfigurationPlatforms) = postSolution
		{6883DE68-5BA6-4DC1-8C87-324CF63B7AA9}.Debug|Any CPU.ActiveCfg = Debug|Any CPU
		{6883DE68-5BA6-4DC1-8C87-324CF63B7AA9}.Debug|Any CPU.Build.0 = Debug|Any CPU
		{6883DE68-5BA6-4DC1-8C87-324CF63B7AA9}.Release|Any CPU.ActiveCfg = Release|Any CPU
		{6883DE68-5BA6-4DC1-8C87-324CF63B7AA9}.Release|Any CPU.Build.0 = Release|Any CPU
	EndGlobalSection
	GlobalSection(SolutionProperties) = preSolution
		HideSolutionNode = FALSE
	EndGlobalSection
	GlobalSection(ExtensibilityGlobals) = postSolution
		SolutionGuid = {1FFF5AAD-9B92-403B-A7A6-A6C720D3F124}
	EndGlobalSection
EndGlobal
